
Microsoft Visual Studio Solution File, Format Version 12.00
# Visual Studio Version 16
VisualStudioVersion = 16.0.32106.194
MinimumVisualStudioVersion = 10.0.40219.1
Project("{FAE04EC0-301F-11D3-BF4B-00C04F79EFBC}") = "Lesson_6_Exercise_2", "Lesson_6_Exercise_2.csproj", "{F6AB3CCB-9E19-4035-90DE-718BFAC9096C}"
EndProject
Global
	GlobalSection(SolutionConfigurationPlatforms) = preSolution
		Debug|Any CPU = Debug|Any CPU
		Release|Any CPU = Release|Any CPU
	EndGlobalSection
	GlobalSection(ProjectConfigurationPlatforms) = postSolution
		{F6AB3CCB-9E19-4035-90DE-718BFAC9096C}.Debug|Any CPU.ActiveCfg = Debug|Any CPU
		{F6AB3CCB-9E19-4035-90DE-718BFAC9096C}.Debug|Any CPU.Build.0 = Debug|Any CPU
		{F6AB3CCB-9E19-4035-90DE-718BFAC9096C}.Release|Any CPU.ActiveCfg = Release|Any CPU
		{F6AB3CCB-9E19-4035-90DE-718BFAC9096C}.Release|Any CPU.Build.0 = Release|Any CPU
	EndGlobalSection
	GlobalSection(SolutionProperties) = preSolution
		HideSolutionNode = FALSE
	EndGlobalSection
	GlobalSection(ExtensibilityGlobals) = postSolution
		SolutionGuid = {31621A5E-DD11-4A4C-A874-61E768E062FF}
	EndGlobalSection
EndGlobal
