
Microsoft Visual Studio Solution File, Format Version 12.00
# Visual Studio Version 16
VisualStudioVersion = 16.0.32106.194
MinimumVisualStudioVersion = 10.0.40219.1
Project("{FAE04EC0-301F-11D3-BF4B-00C04F79EFBC}") = "Irrational_numbers", "Irrational_numbers.csproj", "{118B9F16-00D3-48C1-94DA-5701C4F34C46}"
EndProject
Project("{FAE04EC0-301F-11D3-BF4B-00C04F79EFBC}") = "Lesson_5", "..\Lesson_5\Lesson_5.csproj", "{8D152FB2-C7B3-432B-A072-F1061A57D088}"
EndProject
Global
	GlobalSection(SolutionConfigurationPlatforms) = preSolution
		Debug|Any CPU = Debug|Any CPU
		Release|Any CPU = Release|Any CPU
	EndGlobalSection
	GlobalSection(ProjectConfigurationPlatforms) = postSolution
		{118B9F16-00D3-48C1-94DA-5701C4F34C46}.Debug|Any CPU.ActiveCfg = Debug|Any CPU
		{118B9F16-00D3-48C1-94DA-5701C4F34C46}.Debug|Any CPU.Build.0 = Debug|Any CPU
		{118B9F16-00D3-48C1-94DA-5701C4F34C46}.Release|Any CPU.ActiveCfg = Release|Any CPU
		{118B9F16-00D3-48C1-94DA-5701C4F34C46}.Release|Any CPU.Build.0 = Release|Any CPU
		{8D152FB2-C7B3-432B-A072-F1061A57D088}.Debug|Any CPU.ActiveCfg = Debug|Any CPU
		{8D152FB2-C7B3-432B-A072-F1061A57D088}.Debug|Any CPU.Build.0 = Debug|Any CPU
		{8D152FB2-C7B3-432B-A072-F1061A57D088}.Release|Any CPU.ActiveCfg = Release|Any CPU
		{8D152FB2-C7B3-432B-A072-F1061A57D088}.Release|Any CPU.Build.0 = Release|Any CPU
	EndGlobalSection
	GlobalSection(SolutionProperties) = preSolution
		HideSolutionNode = FALSE
	EndGlobalSection
	GlobalSection(ExtensibilityGlobals) = postSolution
		SolutionGuid = {42938698-F7D7-458F-B8E6-62A93DF0CAAC}
	EndGlobalSection
EndGlobal
